
Microsoft Visual Studio Solution File, Format Version 12.00
# Visual Studio Version 17
VisualStudioVersion = 17.1.32421.90
MinimumVisualStudioVersion = 10.0.40219.1
Project("{FAE04EC0-301F-11D3-BF4B-00C04F79EFBC}") = "fundamental pr", "fundamental pr\fundamental pr.csproj", "{D204F9C0-C06F-4811-83C5-F87CF104AD9E}"
EndProject
Global
	GlobalSection(SolutionConfigurationPlatforms) = preSolution
		Debug|Any CPU = Debug|Any CPU
		Release|Any CPU = Release|Any CPU
	EndGlobalSection
	GlobalSection(ProjectConfigurationPlatforms) = postSolution
		{D204F9C0-C06F-4811-83C5-F87CF104AD9E}.Debug|Any CPU.ActiveCfg = Debug|Any CPU
		{D204F9C0-C06F-4811-83C5-F87CF104AD9E}.Debug|Any CPU.Build.0 = Debug|Any CPU
		{D204F9C0-C06F-4811-83C5-F87CF104AD9E}.Release|Any CPU.ActiveCfg = Release|Any CPU
		{D204F9C0-C06F-4811-83C5-F87CF104AD9E}.Release|Any CPU.Build.0 = Release|Any CPU
	EndGlobalSection
	GlobalSection(SolutionProperties) = preSolution
		HideSolutionNode = FALSE
	EndGlobalSection
	GlobalSection(ExtensibilityGlobals) = postSolution
		SolutionGuid = {B20C9BF3-C63E-4677-A4A0-B97221D98EEA}
	EndGlobalSection
EndGlobal
